{
    "php_version": "8.4.13",
    "base_version": "8.4",
    "extensions": [
        "bcmath",
        "bz2",
        "ctype",
        "curl",
        "dom",
        "fileinfo",
        "filter",
        "gd",
        "iconv",
        "intl",
        "json",
        "libxml",
        "mbregex",
        "mbstring",
        "mysqli",
        "opcache",
        "openssl",
        "pdo",
        "pdo_mysql",
        "pdo_pgsql",
        "pdo_sqlite",
        "pgsql",
        "phar",
        "session",
        "simplexml",
        "sockets",
        "sqlite3",
        "tokenizer",
        "xml",
        "zip",
        "zlib"
    ],
    "packs": [],
    "profile": "slim",
    "build_flags": [],
    "build_key": "ae721e6e459115be01dffc45562a65a83c20bf00daae2281cd6e31fe69cf40cd",
    "updated_at": "2025-10-20T22:11:13+00:00"
}
